Microsoft Visual Studio Solution File, Format Version 12.00
# Visual Studio Version 17
VisualStudioVersion = 17.14.36301.6
MinimumVisualStudioVersion = 10.0.40219.1
Project("{FAE04EC0-301F-11D3-BF4B-00C04F79EFBC}") = "Runic.C.Parser", "src\Runic.C.Parser.csproj", "{8976C9EA-CC60-41BA-A03A-CF842821600B}"
EndProject
Project("{2150E333-8FDC-42A3-9474-1A3956D46DE8}") = "Build", "Build", "{02EA681E-C7D8-13C7-8484-4AC65E1B71E8}"
EndProject
Project("{2150E333-8FDC-42A3-9474-1A3956D46DE8}") = "Net48", "Net48", "{E375E13B-9291-47F0-884A-3D84DA073A60}"
EndProject
Project("{2150E333-8FDC-42A3-9474-1A3956D46DE8}") = "Net6", "Net6", "{B4788F6A-EFCD-4FD8-AE4F-B61A42CFDD6F}"EndProject
Project("{2150E333-8FDC-42A3-9474-1A3956D46DE8}") = "Net8", "Net8", "{05F834C3-F641-41E8-8D95-9A24548C38A2}"
EndProject
Project("{FAE04EC0-301F-11D3-BF4B-00C04F79EFBC}") = "Runic.C.Parser.Net48", "build\net48\Runic.C.Parser.Net48.csproj", "{C6300DD8-8093-4456-A915-A2CE21E66585}"
EndProject
Project("{FAE04EC0-301F-11D3-BF4B-00C04F79EFBC}") = "Runic.C.Parser.Net8", "build\net8\Runic.C.Parser.Net8.csproj", "{A9906C47-FDEC-4453-B065-DED42B85FB2F}"
EndProject
Project("{FAE04EC0-301F-11D3-BF4B-00C04F79EFBC}") = "Runic.C.Parser.Net6", "build\net6\Runic.C.Parser.Net6.csproj", "{09DAA2F0-FF2C-4875-8972-9201F4F0B80A}"
EndProject
Project("{2150E333-8FDC-42A3-9474-1A3956D46DE8}") = "Nuget", "Nuget", "{0AA18D71-2C6A-446A-96F8-D9335DBF32BA}"
EndProject
Project("{FAE04EC0-301F-11D3-BF4B-00C04F79EFBC}") = "Runic.C.Parser.Nuget", "build\nuget\Runic.C.Parser.Nuget.csproj", " {551DDEC7-4346-4E18-A88E-81D09E982588}"
	ProjectSection(ProjectDependencies) = postProject
		{C6300DD8-8093-4456-A915-A2CE21E66585} = {C6300DD8-8093-4456-A915-A2CE21E66585}
		{09DAA2F0-FF2C-4875-8972-9201F4F0B80A} = {09DAA2F0-FF2C-4875-8972-9201F4F0B80A}
		{A9906C47-FDEC-4453-B065-DED42B85FB2F} = {A9906C47-FDEC-4453-B065-DED42B85FB2F}
	EndProjectSection
EndProject
Global
	GlobalSection(SolutionConfigurationPlatforms) = preSolution
		Debug|Any CPU = Debug|Any CPU
		Release|Any CPU = Release|Any CPU
	EndGlobalSection
	GlobalSection(ProjectConfigurationPlatforms) = postSolution
		{8976C9EA-CC60-41BA-A03A-CF842821600B}.Debug|Any CPU.ActiveCfg = Debug|Any CPU
		{8976C9EA-CC60-41BA-A03A-CF842821600B}.Debug|Any CPU.Build.0 = Debug|Any CPU
		{8976C9EA-CC60-41BA-A03A-CF842821600B}.Release|Any CPU.ActiveCfg = Release|Any CPU
		{8976C9EA-CC60-41BA-A03A-CF842821600B}.Release|Any CPU.Build.0 = Release|Any CPU
		{C6300DD8-8093-4456-A915-A2CE21E66585}.Debug|Any CPU.ActiveCfg = Debug|Any CPU
		{C6300DD8-8093-4456-A915-A2CE21E66585}.Debug|Any CPU.Build.0 = Debug|Any CPU
		{C6300DD8-8093-4456-A915-A2CE21E66585}.Release|Any CPU.ActiveCfg = Release|Any CPU
		{C6300DD8-8093-4456-A915-A2CE21E66585}.Release|Any CPU.Build.0 = Release|Any CPU
		{A9906C47-FDEC-4453-B065-DED42B85FB2F}.Debug|Any CPU.ActiveCfg = Debug|Any CPU
		{A9906C47-FDEC-4453-B065-DED42B85FB2F}.Debug|Any CPU.Build.0 = Debug|Any CPU
		{A9906C47-FDEC-4453-B065-DED42B85FB2F}.Release|Any CPU.ActiveCfg = Release|Any CPU
		{A9906C47-FDEC-4453-B065-DED42B85FB2F}.Release|Any CPU.Build.0 = Release|Any CPU
		{09DAA2F0-FF2C-4875-8972-9201F4F0B80A}.Debug|Any CPU.ActiveCfg = Debug|Any CPU
		{09DAA2F0-FF2C-4875-8972-9201F4F0B80A}.Debug|Any CPU.Build.0 = Debug|Any CPU
		{09DAA2F0-FF2C-4875-8972-9201F4F0B80A}.Release|Any CPU.ActiveCfg = Release|Any CPU
		{09DAA2F0-FF2C-4875-8972-9201F4F0B80A}.Release|Any CPU.Build.0 = Release|Any CPU
		 {551DDEC7-4346-4E18-A88E-81D09E982588}.Debug|Any CPU.ActiveCfg = Debug|Any CPU
		 {551DDEC7-4346-4E18-A88E-81D09E982588}.Debug|Any CPU.Build.0 = Debug|Any CPU
		 {551DDEC7-4346-4E18-A88E-81D09E982588}.Release|Any CPU.ActiveCfg = Release|Any CPU
		 {551DDEC7-4346-4E18-A88E-81D09E982588}.Release|Any CPU.Build.0 = Release|Any CPU
	EndGlobalSection
	GlobalSection(SolutionProperties) = preSolution
		HideSolutionNode = FALSE
	EndGlobalSection
	GlobalSection(NestedProjects) = preSolution
		{E375E13B-9291-47F0-884A-3D84DA073A60} = {02EA681E-C7D8-13C7-8484-4AC65E1B71E8}
		{B4788F6A-EFCD-4FD8-AE4F-B61A42CFDD6F} = {02EA681E-C7D8-13C7-8484-4AC65E1B71E8}
		{05F834C3-F641-41E8-8D95-9A24548C38A2} = {02EA681E-C7D8-13C7-8484-4AC65E1B71E8}
		{C6300DD8-8093-4456-A915-A2CE21E66585} = {E375E13B-9291-47F0-884A-3D84DA073A60}
		{A9906C47-FDEC-4453-B065-DED42B85FB2F} = {05F834C3-F641-41E8-8D95-9A24548C38A2}
		{09DAA2F0-FF2C-4875-8972-9201F4F0B80A} = {B4788F6A-EFCD-4FD8-AE4F-B61A42CFDD6F}
		{0AA18D71-2C6A-446A-96F8-D9335DBF32BA} = {02EA681E-C7D8-13C7-8484-4AC65E1B71E8}
		 {551DDEC7-4346-4E18-A88E-81D09E982588} = {0AA18D71-2C6A-446A-96F8-D9335DBF32BA}
	EndGlobalSection
	GlobalSection(ExtensibilityGlobals) = postSolution
		SolutionGuid = {330E4302-A9AA-42A8-8811-E37356B21BD2}
	EndGlobalSection
EndGlobal
